
PODS:
- AFNetworking (1.0.1)
- SBJson (3.1.1)
- ZipKit (0.0.1)

DEPENDENCIES:
- AFNetworking
- SBJson
- ZipKit

SPEC CHECKSUMS:
  AFNetworking: 4c11f857c9a18d65f4257c90a1e74ac49f0ac422
  SBJson: d917ef596960a977b6c20235a90810bc306a48f0
  ZipKit: 14613e4abf8a6b8baf879ce916b52d31e4b08112

COCOAPODS: 0.16.0
